
Microsoft Visual Studio Solution File, Format Version 12.00
# Visual Studio Version 17
VisualStudioVersion = 17.5.002.0
MinimumVisualStudioVersion = 10.0.40219.1
Project("{9A19103F-16F7-4668-BE54-9A1E7A4F7556}") = "CustomerRelationshipManagement", "CustomerRelationshipManagement.csproj", "{C69DA538-576E-46A0-A959-6C9CC2AE049E}"
EndProject
Global
	GlobalSection(SolutionConfigurationPlatforms) = preSolution
		Debug|Any CPU = Debug|Any CPU
		Release|Any CPU = Release|Any CPU
	EndGlobalSection
	GlobalSection(ProjectConfigurationPlatforms) = postSolution
		{C69DA538-576E-46A0-A959-6C9CC2AE049E}.Debug|Any CPU.ActiveCfg = Debug|Any CPU
		{C69DA538-576E-46A0-A959-6C9CC2AE049E}.Debug|Any CPU.Build.0 = Debug|Any CPU
		{C69DA538-576E-46A0-A959-6C9CC2AE049E}.Release|Any CPU.ActiveCfg = Release|Any CPU
		{C69DA538-576E-46A0-A959-6C9CC2AE049E}.Release|Any CPU.Build.0 = Release|Any CPU
	EndGlobalSection
	GlobalSection(SolutionProperties) = preSolution
		HideSolutionNode = FALSE
	EndGlobalSection
	GlobalSection(ExtensibilityGlobals) = postSolution
		SolutionGuid = {3973166F-B6CA-47C1-94DD-721C6F227476}
	EndGlobalSection
EndGlobal
